// !$*UTF8*$!
{
	archiveVersion = 1;
	classes = {
	};
	objectVersion = 56;
	objects = {

/* Begin PBXBuildFile section */
		CA7A64482C2501CE00D59791 /* NotificationModel.swift in Sources */ = {isa = PBXBuildFile; fileRef = CA7A64472C2501CE00D59791 /* NotificationModel.swift */; };
		CA8871A82C29935F00014A30 /* Weather.swift in Sources */ = {isa = PBXBuildFile; fileRef = CA8871A72C29935F00014A30 /* Weather.swift */; };
		CAE705392C17C7B000C0C36B /* Bridgeberry_App.swift in Sources */ = {isa = PBXBuildFile; fileRef = CAE705382C17C7B000C0C36B /* Bridgeberry_App.swift */; };
		CAE7053B2C17C7B000C0C36B /* ContentView.swift in Sources */ = {isa = PBXBuildFile; fileRef = CAE7053A2C17C7B000C0C36B /* ContentView.swift */; };
		CAE705402C17C7B300C0C36B /* Preview Assets.xcassets in Resources */ = {isa = PBXBuildFile; fileRef = CAE7053F2C17C7B300C0C36B /* Preview Assets.xcassets */; };
		CAE705482C17C84F00C0C36B /* Home.swift in Sources */ = {isa = PBXBuildFile; fileRef = CAE705472C17C84F00C0C36B /* Home.swift */; };
		CAE7054A2C17C85600C0C36B /* Contacts.swift in Sources */ = {isa = PBXBuildFile; fileRef = CAE705492C17C85600C0C36B /* Contacts.swift */; };
		CAE705502C1DC8C800C0C36B /* Assets.xcassets in Resources */ = {isa = PBXBuildFile; fileRef = CAE7054F2C1DC8C800C0C36B /* Assets.xcassets */; };
		CAE705522C1DD1E200C0C36B /* notifications.json in Resources */ = {isa = PBXBuildFile; fileRef = CAE705512C1DD1E100C0C36B /* notifications.json */; };
		CAE705542C1DD41900C0C36B /* urls.json in Resources */ = {isa = PBXBuildFile; fileRef = CAE705532C1DD41900C0C36B /* urls.json */; };
		CAE705562C1DD7C200C0C36B /* WebView.swift in Sources */ = {isa = PBXBuildFile; fileRef = CAE705552C1DD7C200C0C36B /* WebView.swift */; };
/* End PBXBuildFile section */

/* Begin PBXFileReference section */
		CA7A64472C2501CE00D59791 /* NotificationModel.swift */ = {isa = PBXFileReference; lastKnownFileType = sourcecode.swift; path = NotificationModel.swift; sourceTree = "<group>"; };
		CA8871A72C29935F00014A30 /* Weather.swift */ = {isa = PBXFileReference; lastKnownFileType = sourcecode.swift; path = Weather.swift; sourceTree = "<group>"; };
		CAE705352C17C7B000C0C36B /* Bridgeberry.app */ = {isa = PBXFileReference; explicitFileType = wrapper.application; includeInIndex = 0; path = Bridgeberry.app; sourceTree = BUILT_PRODUCTS_DIR; };
		CAE705382C17C7B000C0C36B /* Bridgeberry_App.swift */ = {isa = PBXFileReference; lastKnownFileType = sourcecode.swift; path = Bridgeberry_App.swift; sourceTree = "<group>"; };
		CAE7053A2C17C7B000C0C36B /* ContentView.swift */ = {isa = PBXFileReference; lastKnownFileType = sourcecode.swift; path = ContentView.swift; sourceTree = "<group>"; };
		CAE7053F2C17C7B300C0C36B /* Preview Assets.xcassets */ = {isa = PBXFileReference; lastKnownFileType = folder.assetcatalog; path = "Preview Assets.xcassets"; sourceTree = "<group>"; };
		CAE705472C17C84F00C0C36B /* Home.swift */ = {isa = PBXFileReference; lastKnownFileType = sourcecode.swift; path = Home.swift; sourceTree = "<group>"; };
		CAE705492C17C85600C0C36B /* Contacts.swift */ = {isa = PBXFileReference; lastKnownFileType = sourcecode.swift; path = Contacts.swift; sourceTree = "<group>"; };
		CAE7054F2C1DC8C800C0C36B /* Assets.xcassets */ = {isa = PBXFileReference; lastKnownFileType = folder.assetcatalog; path = Assets.xcassets; sourceTree = "<group>"; };
		CAE705512C1DD1E100C0C36B /* notifications.json */ = {isa = PBXFileReference; lastKnownFileType = text.json; path = notifications.json; sourceTree = "<group>"; };
		CAE705532C1DD41900C0C36B /* urls.json */ = {isa = PBXFileReference; lastKnownFileType = text.json; path = urls.json; sourceTree = "<group>"; };
		CAE705552C1DD7C200C0C36B /* WebView.swift */ = {isa = PBXFileReference; lastKnownFileType = sourcecode.swift; path = WebView.swift; sourceTree = "<group>"; };
/* End PBXFileReference section */

/* Begin PBXFrameworksBuildPhase section */
		CAE705322C17C7B000C0C36B /* Frameworks */ = {
			isa = PBXFrameworksBuildPhase;
			buildActionMask = 2147483647;
			files = (
			);
			runOnlyForDeploymentPostprocessing = 0;
		};
/* End PBXFrameworksBuildPhase section */

/* Begin PBXGroup section */
		CAE7052C2C17C7B000C0C36B = {
			isa = PBXGroup;
			children = (
				CAE705372C17C7B000C0C36B /* Bridgeberry */,
				CAE705362C17C7B000C0C36B /* Products */,
			);
			sourceTree = "<group>";
		};
		CAE705362C17C7B000C0C36B /* Products */ = {
			isa = PBXGroup;
			children = (
				CAE705352C17C7B000C0C36B /* Bridgeberry.app */,
			);
			name = Products;
			sourceTree = "<group>";
		};
		CAE705372C17C7B000C0C36B /* Bridgeberry */ = {
			isa = PBXGroup;
			children = (
				CAE705382C17C7B000C0C36B /* Bridgeberry_App.swift */,
				CAE7053A2C17C7B000C0C36B /* ContentView.swift */,
				CA7A64472C2501CE00D59791 /* NotificationModel.swift */,
				CAE7054F2C1DC8C800C0C36B /* Assets.xcassets */,
				CAE705462C17C83100C0C36B /* Views */,
				CAE7053E2C17C7B300C0C36B /* Preview Content */,
				CAE705512C1DD1E100C0C36B /* notifications.json */,
				CAE705532C1DD41900C0C36B /* urls.json */,
			);
			path = Bridgeberry;
			sourceTree = "<group>";
		};
		CAE7053E2C17C7B300C0C36B /* Preview Content */ = {
			isa = PBXGroup;
			children = (
				CAE7053F2C17C7B300C0C36B /* Preview Assets.xcassets */,
			);
			path = "Preview Content";
			sourceTree = "<group>";
		};
		CAE705462C17C83100C0C36B /* Views */ = {
			isa = PBXGroup;
			children = (
				CAE705472C17C84F00C0C36B /* Home.swift */,
				CAE705552C1DD7C200C0C36B /* WebView.swift */,
				CAE705492C17C85600C0C36B /* Contacts.swift */,
				CA8871A72C29935F00014A30 /* Weather.swift */,
			);
			path = Views;
			sourceTree = "<group>";
		};
/* End PBXGroup section */

/* Begin PBXNativeTarget section */
		CAE705342C17C7B000C0C36B /* Bridgeberry */ = {
			isa = PBXNativeTarget;
			buildConfigurationList = CAE705432C17C7B300C0C36B /* Build configuration list for PBXNativeTarget "Bridgeberry" */;
			buildPhases = (
				CAE705312C17C7B000C0C36B /* Sources */,
				CAE705322C17C7B000C0C36B /* Frameworks */,
				CAE705332C17C7B000C0C36B /* Resources */,
			);
			buildRules = (
			);
			dependencies = (
			);
			name = Bridgeberry;
			productName = "Bridgeberry-nav";
			productReference = CAE705352C17C7B000C0C36B /* Bridgeberry.app */;
			productType = "com.apple.product-type.application";
		};
/* End PBXNativeTarget section */

/* Begin PBXProject section */
		CAE7052D2C17C7B000C0C36B /* Project object */ = {
			isa = PBXProject;
			attributes = {
				BuildIndependentTargetsInParallel = 1;
				LastSwiftUpdateCheck = 1530;
				LastUpgradeCheck = 1530;
				TargetAttributes = {
					CAE705342C17C7B000C0C36B = {
						CreatedOnToolsVersion = 15.3;
					};
				};
			};
			buildConfigurationList = CAE705302C17C7B000C0C36B /* Build configuration list for PBXProject "Bridgeberry" */;
			compatibilityVersion = "Xcode 14.0";
			developmentRegion = en;
			hasScannedForEncodings = 0;
			knownRegions = (
				en,
				Base,
			);
			mainGroup = CAE7052C2C17C7B000C0C36B;
			productRefGroup = CAE705362C17C7B000C0C36B /* Products */;
			projectDirPath = "";
			projectRoot = "";
			targets = (
				CAE705342C17C7B000C0C36B /* Bridgeberry */,
			);
		};
/* End PBXProject section */

/* Begin PBXResourcesBuildPhase section */
		CAE705332C17C7B000C0C36B /* Resources */ = {
			isa = PBXResourcesBuildPhase;
			buildActionMask = 2147483647;
			files = (
				CAE705522C1DD1E200C0C36B /* notifications.json in Resources */,
				CAE705402C17C7B300C0C36B /* Preview Assets.xcassets in Resources */,
				CAE705542C1DD41900C0C36B /* urls.json in Resources */,
				CAE705502C1DC8C800C0C36B /* Assets.xcassets in Resources */,
			);
			runOnlyForDeploymentPostprocessing = 0;
		};
/* End PBXResourcesBuildPhase section */

/* Begin PBXSourcesBuildPhase section */
		CAE705312C17C7B000C0C36B /* Sources */ = {
			isa = PBXSourcesBuildPhase;
			buildActionMask = 2147483647;
			files = (
				CA7A64482C2501CE00D59791 /* NotificationModel.swift in Sources */,
				CAE7053B2C17C7B000C0C36B /* ContentView.swift in Sources */,
				CAE705562C1DD7C200C0C36B /* WebView.swift in Sources */,
				CAE705482C17C84F00C0C36B /* Home.swift in Sources */,
				CAE705392C17C7B000C0C36B /* Bridgeberry_App.swift in Sources */,
				CAE7054A2C17C85600C0C36B /* Contacts.swift in Sources */,
				CA8871A82C29935F00014A30 /* Weather.swift in Sources */,
			);
			runOnlyForDeploymentPostprocessing = 0;
		};
/* End PBXSourcesBuildPhase section */

/* Begin XCBuildConfiguration section */
		CAE705412C17C7B300C0C36B /* Debug */ = {
			isa = XCBuildConfiguration;
			buildSettings = {
				ALWAYS_SEARCH_USER_PATHS = NO;
				ASSETCATALOG_COMPILER_GENERATE_SWIFT_ASSET_SYMBOL_EXTENSIONS = YES;
				CLANG_ANALYZER_NONNULL = YES;
				CLANG_ANALYZER_NUMBER_OBJECT_CONVERSION = YES_AGGRESSIVE;
				CLANG_CXX_LANGUAGE_STANDARD = "gnu++20";
				CLANG_ENABLE_MODULES = YES;
				CLANG_ENABLE_OBJC_ARC = YES;
				CLANG_ENABLE_OBJC_WEAK = YES;
				CLANG_WARN_BLOCK_CAPTURE_AUTORELEASING = YES;
				CLANG_WARN_BOOL_CONVERSION = YES;
				CLANG_WARN_COMMA = YES;
				CLANG_WARN_CONSTANT_CONVERSION = YES;
				CLANG_WARN_DEPRECATED_OBJC_IMPLEMENTATIONS = YES;
				CLANG_WARN_DIRECT_OBJC_ISA_USAGE = YES_ERROR;
				CLANG_WARN_DOCUMENTATION_COMMENTS = YES;
				CLANG_WARN_EMPTY_BODY = YES;
				CLANG_WARN_ENUM_CONVERSION = YES;
				CLANG_WARN_INFINITE_RECURSION = YES;
				CLANG_WARN_INT_CONVERSION = YES;
				CLANG_WARN_NON_LITERAL_NULL_CONVERSION = YES;
				CLANG_WARN_OBJC_IMPLICIT_RETAIN_SELF = YES;
				CLANG_WARN_OBJC_LITERAL_CONVERSION = YES;
				CLANG_WARN_OBJC_ROOT_CLASS = YES_ERROR;
				CLANG_WARN_QUOTED_INCLUDE_IN_FRAMEWORK_HEADER = YES;
				CLANG_WARN_RANGE_LOOP_ANALYSIS = YES;
				CLANG_WARN_STRICT_PROTOTYPES = YES;
				CLANG_WARN_SUSPICIOUS_MOVE = YES;
				CLANG_WARN_UNGUARDED_AVAILABILITY = YES_AGGRESSIVE;
				CLANG_WARN_UNREACHABLE_CODE = YES;
				CLANG_WARN__DUPLICATE_METHOD_MATCH = YES;
				COPY_PHASE_STRIP = NO;
				DEBUG_INFORMATION_FORMAT = dwarf;
				ENABLE_STRICT_OBJC_MSGSEND = YES;
				ENABLE_TESTABILITY = YES;
				ENABLE_TESTING_SEARCH_PATHS = YES;
				ENABLE_USER_SCRIPT_SANDBOXING = YES;
				GCC_C_LANGUAGE_STANDARD = gnu17;
				GCC_DYNAMIC_NO_PIC = NO;
				GCC_NO_COMMON_BLOCKS = YES;
				GCC_OPTIMIZATION_LEVEL = 0;
				GCC_PREPROCESSOR_DEFINITIONS = (
					"DEBUG=1",
					"$(inherited)",
				);
				GCC_WARN_64_TO_32_BIT_CONVERSION = YES;
				GCC_WARN_ABOUT_RETURN_TYPE = YES_ERROR;
				GCC_WARN_UNDECLARED_SELECTOR = YES;
				GCC_WARN_UNINITIALIZED_AUTOS = YES_AGGRESSIVE;
				GCC_WARN_UNUSED_FUNCTION = YES;
				GCC_WARN_UNUSED_VARIABLE = YES;
				IPHONEOS_DEPLOYMENT_TARGET = 17.4;
				LOCALIZATION_PREFERS_STRING_CATALOGS = YES;
				MTL_ENABLE_DEBUG_INFO = INCLUDE_SOURCE;
				MTL_FAST_MATH = YES;
				ONLY_ACTIVE_ARCH = YES;
				SDKROOT = iphoneos;
				SWIFT_ACTIVE_COMPILATION_CONDITIONS = "DEBUG $(inherited)";
				SWIFT_OPTIMIZATION_LEVEL = "-Onone";
			};
			name = Debug;
		};
		CAE705422C17C7B300C0C36B /* Release */ = {
			isa = XCBuildConfiguration;
			buildSettings = {
				ALWAYS_SEARCH_USER_PATHS = NO;
				ASSETCATALOG_COMPILER_GENERATE_SWIFT_ASSET_SYMBOL_EXTENSIONS = YES;
				CLANG_ANALYZER_NONNULL = YES;
				CLANG_ANALYZER_NUMBER_OBJECT_CONVERSION = YES_AGGRESSIVE;
				CLANG_CXX_LANGUAGE_STANDARD = "gnu++20";
				CLANG_ENABLE_MODULES = YES;
				CLANG_ENABLE_OBJC_ARC = YES;
				CLANG_ENABLE_OBJC_WEAK = YES;
				CLANG_WARN_BLOCK_CAPTURE_AUTORELEASING = YES;
				CLANG_WARN_BOOL_CONVERSION = YES;
				CLANG_WARN_COMMA = YES;
				CLANG_WARN_CONSTANT_CONVERSION = YES;
				CLANG_WARN_DEPRECATED_OBJC_IMPLEMENTATIONS = YES;
				CLANG_WARN_DIRECT_OBJC_ISA_USAGE = YES_ERROR;
				CLANG_WARN_DOCUMENTATION_COMMENTS = YES;
				CLANG_WARN_EMPTY_BODY = YES;
				CLANG_WARN_ENUM_CONVERSION = YES;
				CLANG_WARN_INFINITE_RECURSION = YES;
				CLANG_WARN_INT_CONVERSION = YES;
				CLANG_WARN_NON_LITERAL_NULL_CONVERSION = YES;
				CLANG_WARN_OBJC_IMPLICIT_RETAIN_SELF = YES;
				CLANG_WARN_OBJC_LITERAL_CONVERSION = YES;
				CLANG_WARN_OBJC_ROOT_CLASS = YES_ERROR;
				CLANG_WARN_QUOTED_INCLUDE_IN_FRAMEWORK_HEADER = YES;
				CLANG_WARN_RANGE_LOOP_ANALYSIS = YES;
				CLANG_WARN_STRICT_PROTOTYPES = YES;
				CLANG_WARN_SUSPICIOUS_MOVE = YES;
				CLANG_WARN_UNGUARDED_AVAILABILITY = YES_AGGRESSIVE;
				CLANG_WARN_UNREACHABLE_CODE = YES;
				CLANG_WARN__DUPLICATE_METHOD_MATCH = YES;
				COPY_PHASE_STRIP = NO;
				DEBUG_INFORMATION_FORMAT = "dwarf-with-dsym";
				ENABLE_NS_ASSERTIONS = NO;
				ENABLE_STRICT_OBJC_MSGSEND = YES;
				ENABLE_TESTABILITY = YES;
				ENABLE_TESTING_SEARCH_PATHS = YES;
				ENABLE_USER_SCRIPT_SANDBOXING = YES;
				GCC_C_LANGUAGE_STANDARD = gnu17;
				GCC_NO_COMMON_BLOCKS = YES;
				GCC_WARN_64_TO_32_BIT_CONVERSION = YES;
				GCC_WARN_ABOUT_RETURN_TYPE = YES_ERROR;
				GCC_WARN_UNDECLARED_SELECTOR = YES;
				GCC_WARN_UNINITIALIZED_AUTOS = YES_AGGRESSIVE;
				GCC_WARN_UNUSED_FUNCTION = YES;
				GCC_WARN_UNUSED_VARIABLE = YES;
				IPHONEOS_DEPLOYMENT_TARGET = 17.4;
				LOCALIZATION_PREFERS_STRING_CATALOGS = YES;
				MTL_ENABLE_DEBUG_INFO = NO;
				MTL_FAST_MATH = YES;
				ONLY_ACTIVE_ARCH = YES;
				SDKROOT = iphoneos;
				SWIFT_COMPILATION_MODE = wholemodule;
				VALIDATE_PRODUCT = YES;
			};
			name = Release;
		};
		CAE705442C17C7B300C0C36B /* Debug */ = {
			isa = XCBuildConfiguration;
			buildSettings = {
				ASSETCATALOG_COMPILER_APPICON_NAME = AppIcon;
				ASSETCATALOG_COMPILER_GLOBAL_ACCENT_COLOR_NAME = AccentColor;
				CODE_SIGN_STYLE = Automatic;
				CURRENT_PROJECT_VERSION = 1;
				DEVELOPMENT_ASSET_PATHS = "\"Bridgeberry/Preview Content\"";
				DEVELOPMENT_TEAM = CXYP3XQQ2Q;
				ENABLE_PREVIEWS = YES;
				GENERATE_INFOPLIST_FILE = YES;
				INFOPLIST_KEY_LSApplicationCategoryType = "public.app-category.utilities";
				INFOPLIST_KEY_UIApplicationSceneManifest_Generation = YES;
				INFOPLIST_KEY_UIApplicationSupportsIndirectInputEvents = YES;
				INFOPLIST_KEY_UILaunchScreen_Generation = YES;
				INFOPLIST_KEY_UISupportedInterfaceOrientations_iPad = "UIInterfaceOrientationPortrait UIInterfaceOrientationPortraitUpsideDown UIInterfaceOrientationLandscapeLeft UIInterfaceOrientationLandscapeRight";
				INFOPLIST_KEY_UISupportedInterfaceOrientations_iPhone = "UIInterfaceOrientationPortrait UIInterfaceOrientationLandscapeLeft UIInterfaceOrientationLandscapeRight";
				LD_RUNPATH_SEARCH_PATHS = (
					"$(inherited)",
					"@executable_path/Frameworks",
				);
				MARKETING_VERSION = 1.0;
				PRODUCT_BUNDLE_IDENTIFIER = "Bridgeberry.Bridgeberry-nav";
				PRODUCT_NAME = "$(TARGET_NAME)";
				SWIFT_EMIT_LOC_STRINGS = YES;
				SWIFT_VERSION = 5.0;
				TARGETED_DEVICE_FAMILY = "1,2";
			};
			name = Debug;
		};
		CAE705452C17C7B300C0C36B /* Release */ = {
			isa = XCBuildConfiguration;
			buildSettings = {
				ASSETCATALOG_COMPILER_APPICON_NAME = AppIcon;
				ASSETCATALOG_COMPILER_GLOBAL_ACCENT_COLOR_NAME = AccentColor;
				CODE_SIGN_STYLE = Automatic;
				CURRENT_PROJECT_VERSION = 1;
				DEVELOPMENT_ASSET_PATHS = "\"Bridgeberry/Preview Content\"";
				DEVELOPMENT_TEAM = CXYP3XQQ2Q;
				ENABLE_PREVIEWS = YES;
				GENERATE_INFOPLIST_FILE = YES;
				INFOPLIST_KEY_LSApplicationCategoryType = "public.app-category.utilities";
				INFOPLIST_KEY_UIApplicationSceneManifest_Generation = YES;
				INFOPLIST_KEY_UIApplicationSupportsIndirectInputEvents = YES;
				INFOPLIST_KEY_UILaunchScreen_Generation = YES;
				INFOPLIST_KEY_UISupportedInterfaceOrientations_iPad = "UIInterfaceOrientationPortrait UIInterfaceOrientationPortraitUpsideDown UIInterfaceOrientationLandscapeLeft UIInterfaceOrientationLandscapeRight";
				INFOPLIST_KEY_UISupportedInterfaceOrientations_iPhone = "UIInterfaceOrientationPortrait UIInterfaceOrientationLandscapeLeft UIInterfaceOrientationLandscapeRight";
				LD_RUNPATH_SEARCH_PATHS = (
					"$(inherited)",
					"@executable_path/Frameworks",
				);
				MARKETING_VERSION = 1.0;
				PRODUCT_BUNDLE_IDENTIFIER = "Bridgeberry.Bridgeberry-nav";
				PRODUCT_NAME = "$(TARGET_NAME)";
				SWIFT_EMIT_LOC_STRINGS = YES;
				SWIFT_VERSION = 5.0;
				TARGETED_DEVICE_FAMILY = "1,2";
			};
			name = Release;
		};
/* End XCBuildConfiguration section */

/* Begin XCConfigurationList section */
		CAE705302C17C7B000C0C36B /* Build configuration list for PBXProject "Bridgeberry" */ = {
			isa = XCConfigurationList;
			buildConfigurations = (
				CAE705412C17C7B300C0C36B /* Debug */,
				CAE705422C17C7B300C0C36B /* Release */,
			);
			defaultConfigurationIsVisible = 0;
			defaultConfigurationName = Release;
		};
		CAE705432C17C7B300C0C36B /* Build configuration list for PBXNativeTarget "Bridgeberry" */ = {
			isa = XCConfigurationList;
			buildConfigurations = (
				CAE705442C17C7B300C0C36B /* Debug */,
				CAE705452C17C7B300C0C36B /* Release */,
			);
			defaultConfigurationIsVisible = 0;
			defaultConfigurationName = Release;
		};
/* End XCConfigurationList section */
	};
	rootObject = CAE7052D2C17C7B000C0C36B /* Project object */;
}
